
Microsoft Visual Studio Solution File, Format Version 12.00
# Visual Studio 15
Project("{FAE04EC0-301F-11D3-BF4B-00C04F79EFBC}") = "Assembly-CSharp", "Assembly-CSharp.csproj", "{15DE6BB0-2751-02CA-0C71-381560CAA97B}"
EndProject
Global
	GlobalSection(SolutionConfigurationPlatforms) = preSolution
		Debug|Any CPU = Debug|Any CPU
		Release|Any CPU = Release|Any CPU
	EndGlobalSection
	GlobalSection(ProjectConfigurationPlatforms) = postSolution
		{15DE6BB0-2751-02CA-0C71-381560CAA97B}.Debug|Any CPU.ActiveCfg = Debug|Any CPU
		{15DE6BB0-2751-02CA-0C71-381560CAA97B}.Debug|Any CPU.Build.0 = Debug|Any CPU
		{15DE6BB0-2751-02CA-0C71-381560CAA97B}.Release|Any CPU.ActiveCfg = Release|Any CPU
		{15DE6BB0-2751-02CA-0C71-381560CAA97B}.Release|Any CPU.Build.0 = Release|Any CPU
	EndGlobalSection
	GlobalSection(SolutionProperties) = preSolution
		HideSolutionNode = FALSE
	EndGlobalSection
EndGlobal
